
Microsoft Visual Studio Solution File, Format Version 12.00
# Visual Studio 15
VisualStudioVersion = 15.0.28307.136
MinimumVisualStudioVersion = 10.0.40219.1
Project("{FAE04EC0-301F-11D3-BF4B-00C04F79EFBC}") = "AdoNetDisconnected", "AdoNetDisconnected\AdoNetDisconnected.csproj", "{0D22EC74-2784-491C-B69C-B871D2614374}"
EndProject
Global
	GlobalSection(SolutionConfigurationPlatforms) = preSolution
		Debug|Any CPU = Debug|Any CPU
		Release|Any CPU = Release|Any CPU
	EndGlobalSection
	GlobalSection(ProjectConfigurationPlatforms) = postSolution
		{0D22EC74-2784-491C-B69C-B871D2614374}.Debug|Any CPU.ActiveCfg = Debug|Any CPU
		{0D22EC74-2784-491C-B69C-B871D2614374}.Debug|Any CPU.Build.0 = Debug|Any CPU
		{0D22EC74-2784-491C-B69C-B871D2614374}.Release|Any CPU.ActiveCfg = Release|Any CPU
		{0D22EC74-2784-491C-B69C-B871D2614374}.Release|Any CPU.Build.0 = Release|Any CPU
	EndGlobalSection
	GlobalSection(SolutionProperties) = preSolution
		HideSolutionNode = FALSE
	EndGlobalSection
	GlobalSection(ExtensibilityGlobals) = postSolution
		SolutionGuid = {65F474A5-4138-41B3-A6B2-BAA3F116F6EB}
	EndGlobalSection
EndGlobal
