
Microsoft Visual Studio Solution File, Format Version 12.00
# Visual Studio 15
VisualStudioVersion = 15.0.28307.136
MinimumVisualStudioVersion = 10.0.40219.1
Project("{FAE04EC0-301F-11D3-BF4B-00C04F79EFBC}") = "EFDBFirstDemo.UI", "EFDBFirstDemo.UI\EFDBFirstDemo.UI.csproj", "{6155EF18-DCA5-4D9A-B560-0AC40E9F846D}"
EndProject
Project("{FAE04EC0-301F-11D3-BF4B-00C04F79EFBC}") = "EFDBFirstDemo.DataAccess", "EFDBFirstDemo.DataAccess\EFDBFirstDemo.DataAccess.csproj", "{0EBB46CF-BDEE-44CD-A943-BDCBCC3A02D0}"
EndProject
Project("{FAE04EC0-301F-11D3-BF4B-00C04F79EFBC}") = "EFDBFirstDemo.Testing", "EFDBFirstDemo.Testing\EFDBFirstDemo.Testing.csproj", "{1CD07E2F-4809-4B60-B645-43D73FD1A067}"
EndProject
Global
	GlobalSection(SolutionConfigurationPlatforms) = preSolution
		Debug|Any CPU = Debug|Any CPU
		Release|Any CPU = Release|Any CPU
	EndGlobalSection
	GlobalSection(ProjectConfigurationPlatforms) = postSolution
		{6155EF18-DCA5-4D9A-B560-0AC40E9F846D}.Debug|Any CPU.ActiveCfg = Debug|Any CPU
		{6155EF18-DCA5-4D9A-B560-0AC40E9F846D}.Debug|Any CPU.Build.0 = Debug|Any CPU
		{6155EF18-DCA5-4D9A-B560-0AC40E9F846D}.Release|Any CPU.ActiveCfg = Release|Any CPU
		{6155EF18-DCA5-4D9A-B560-0AC40E9F846D}.Release|Any CPU.Build.0 = Release|Any CPU
		{0EBB46CF-BDEE-44CD-A943-BDCBCC3A02D0}.Debug|Any CPU.ActiveCfg = Debug|Any CPU
		{0EBB46CF-BDEE-44CD-A943-BDCBCC3A02D0}.Debug|Any CPU.Build.0 = Debug|Any CPU
		{0EBB46CF-BDEE-44CD-A943-BDCBCC3A02D0}.Release|Any CPU.ActiveCfg = Release|Any CPU
		{0EBB46CF-BDEE-44CD-A943-BDCBCC3A02D0}.Release|Any CPU.Build.0 = Release|Any CPU
		{1CD07E2F-4809-4B60-B645-43D73FD1A067}.Debug|Any CPU.ActiveCfg = Debug|Any CPU
		{1CD07E2F-4809-4B60-B645-43D73FD1A067}.Debug|Any CPU.Build.0 = Debug|Any CPU
		{1CD07E2F-4809-4B60-B645-43D73FD1A067}.Release|Any CPU.ActiveCfg = Release|Any CPU
		{1CD07E2F-4809-4B60-B645-43D73FD1A067}.Release|Any CPU.Build.0 = Release|Any CPU
	EndGlobalSection
	GlobalSection(SolutionProperties) = preSolution
		HideSolutionNode = FALSE
	EndGlobalSection
	GlobalSection(ExtensibilityGlobals) = postSolution
		SolutionGuid = {1F6059AB-AA27-4210-96DF-171C90ACFC48}
	EndGlobalSection
EndGlobal
